Microsoft Visual Studio Solution File, Format Version 12.00
# Visual Studio Version 17
VisualStudioVersion = 17.0.31903.59
MinimumVisualStudioVersion = 10.0.40219.1
Project("{2150E333-8FDC-42A3-9474-1A3956D46DE8}") = "src", "src", "{827E0CD3-B72D-47B6-A68D-7590B98EB39B}"
EndProject
Project("{FAE04EC0-301F-11D3-BF4B-00C04F79EFBC}") = "Pipedl.Domain", "src\Pipedl.Domain\Pipedl.Domain.csproj", "{B7CD8C6A-5C08-4A97-882F-DBFCCE7A10D9}"
EndProject
Project("{FAE04EC0-301F-11D3-BF4B-00C04F79EFBC}") = "Pipedl.Infrastructure", "src\Pipedl.Infrastructure\Pipedl.Infrastructure.csproj", "{CF87BEE3-F0A8-40DA-BC2F-94A6B4BE6336}"
EndProject
Project("{FAE04EC0-301F-11D3-BF4B-00C04F79EFBC}") = "Pipedl.Worker", "src\Pipedl.Worker\Pipedl.Worker.csproj", "{4A8F73A9-BF5E-4DB7-A589-A4ABC88CD727}"
EndProject
Project("{FAE04EC0-301F-11D3-BF4B-00C04F79EFBC}") = "Pipedl.Tests", "src\Pipedl.Tests\Pipedl.Tests.csproj", "{42DCB604-F70D-432F-9A9B-A5D97682CA85}"
EndProject
Global
	GlobalSection(SolutionConfigurationPlatforms) = preSolution
		Debug|Any CPU = Debug|Any CPU
		Debug|x64 = Debug|x64
		Debug|x86 = Debug|x86
		Release|Any CPU = Release|Any CPU
		Release|x64 = Release|x64
		Release|x86 = Release|x86
	EndGlobalSection
	GlobalSection(ProjectConfigurationPlatforms) = postSolution
		{B7CD8C6A-5C08-4A97-882F-DBFCCE7A10D9}.Debug|Any CPU.ActiveCfg = Debug|Any CPU
		{B7CD8C6A-5C08-4A97-882F-DBFCCE7A10D9}.Debug|Any CPU.Build.0 = Debug|Any CPU
		{B7CD8C6A-5C08-4A97-882F-DBFCCE7A10D9}.Debug|x64.ActiveCfg = Debug|Any CPU
		{B7CD8C6A-5C08-4A97-882F-DBFCCE7A10D9}.Debug|x64.Build.0 = Debug|Any CPU
		{B7CD8C6A-5C08-4A97-882F-DBFCCE7A10D9}.Debug|x86.ActiveCfg = Debug|Any CPU
		{B7CD8C6A-5C08-4A97-882F-DBFCCE7A10D9}.Debug|x86.Build.0 = Debug|Any CPU
		{B7CD8C6A-5C08-4A97-882F-DBFCCE7A10D9}.Release|Any CPU.ActiveCfg = Release|Any CPU
		{B7CD8C6A-5C08-4A97-882F-DBFCCE7A10D9}.Release|Any CPU.Build.0 = Release|Any CPU
		{B7CD8C6A-5C08-4A97-882F-DBFCCE7A10D9}.Release|x64.ActiveCfg = Release|Any CPU
		{B7CD8C6A-5C08-4A97-882F-DBFCCE7A10D9}.Release|x64.Build.0 = Release|Any CPU
		{B7CD8C6A-5C08-4A97-882F-DBFCCE7A10D9}.Release|x86.ActiveCfg = Release|Any CPU
		{B7CD8C6A-5C08-4A97-882F-DBFCCE7A10D9}.Release|x86.Build.0 = Release|Any CPU
		{CF87BEE3-F0A8-40DA-BC2F-94A6B4BE6336}.Debug|Any CPU.ActiveCfg = Debug|Any CPU
		{CF87BEE3-F0A8-40DA-BC2F-94A6B4BE6336}.Debug|Any CPU.Build.0 = Debug|Any CPU
		{CF87BEE3-F0A8-40DA-BC2F-94A6B4BE6336}.Debug|x64.ActiveCfg = Debug|Any CPU
		{CF87BEE3-F0A8-40DA-BC2F-94A6B4BE6336}.Debug|x64.Build.0 = Debug|Any CPU
		{CF87BEE3-F0A8-40DA-BC2F-94A6B4BE6336}.Debug|x86.ActiveCfg = Debug|Any CPU
		{CF87BEE3-F0A8-40DA-BC2F-94A6B4BE6336}.Debug|x86.Build.0 = Debug|Any CPU
		{CF87BEE3-F0A8-40DA-BC2F-94A6B4BE6336}.Release|Any CPU.ActiveCfg = Release|Any CPU
		{CF87BEE3-F0A8-40DA-BC2F-94A6B4BE6336}.Release|Any CPU.Build.0 = Release|Any CPU
		{CF87BEE3-F0A8-40DA-BC2F-94A6B4BE6336}.Release|x64.ActiveCfg = Release|Any CPU
		{CF87BEE3-F0A8-40DA-BC2F-94A6B4BE6336}.Release|x64.Build.0 = Release|Any CPU
		{CF87BEE3-F0A8-40DA-BC2F-94A6B4BE6336}.Release|x86.ActiveCfg = Release|Any CPU
		{CF87BEE3-F0A8-40DA-BC2F-94A6B4BE6336}.Release|x86.Build.0 = Release|Any CPU
		{4A8F73A9-BF5E-4DB7-A589-A4ABC88CD727}.Debug|Any CPU.ActiveCfg = Debug|Any CPU
		{4A8F73A9-BF5E-4DB7-A589-A4ABC88CD727}.Debug|Any CPU.Build.0 = Debug|Any CPU
		{4A8F73A9-BF5E-4DB7-A589-A4ABC88CD727}.Debug|x64.ActiveCfg = Debug|Any CPU
		{4A8F73A9-BF5E-4DB7-A589-A4ABC88CD727}.Debug|x64.Build.0 = Debug|Any CPU
		{4A8F73A9-BF5E-4DB7-A589-A4ABC88CD727}.Debug|x86.ActiveCfg = Debug|Any CPU
		{4A8F73A9-BF5E-4DB7-A589-A4ABC88CD727}.Debug|x86.Build.0 = Debug|Any CPU
		{4A8F73A9-BF5E-4DB7-A589-A4ABC88CD727}.Release|Any CPU.ActiveCfg = Release|Any CPU
		{4A8F73A9-BF5E-4DB7-A589-A4ABC88CD727}.Release|Any CPU.Build.0 = Release|Any CPU
		{4A8F73A9-BF5E-4DB7-A589-A4ABC88CD727}.Release|x64.ActiveCfg = Release|Any CPU
		{4A8F73A9-BF5E-4DB7-A589-A4ABC88CD727}.Release|x64.Build.0 = Release|Any CPU
		{4A8F73A9-BF5E-4DB7-A589-A4ABC88CD727}.Release|x86.ActiveCfg = Release|Any CPU
		{4A8F73A9-BF5E-4DB7-A589-A4ABC88CD727}.Release|x86.Build.0 = Release|Any CPU
		{42DCB604-F70D-432F-9A9B-A5D97682CA85}.Debug|Any CPU.ActiveCfg = Debug|Any CPU
		{42DCB604-F70D-432F-9A9B-A5D97682CA85}.Debug|Any CPU.Build.0 = Debug|Any CPU
		{42DCB604-F70D-432F-9A9B-A5D97682CA85}.Debug|x64.ActiveCfg = Debug|Any CPU
		{42DCB604-F70D-432F-9A9B-A5D97682CA85}.Debug|x64.Build.0 = Debug|Any CPU
		{42DCB604-F70D-432F-9A9B-A5D97682CA85}.Debug|x86.ActiveCfg = Debug|Any CPU
		{42DCB604-F70D-432F-9A9B-A5D97682CA85}.Debug|x86.Build.0 = Debug|Any CPU
		{42DCB604-F70D-432F-9A9B-A5D97682CA85}.Release|Any CPU.ActiveCfg = Release|Any CPU
		{42DCB604-F70D-432F-9A9B-A5D97682CA85}.Release|Any CPU.Build.0 = Release|Any CPU
		{42DCB604-F70D-432F-9A9B-A5D97682CA85}.Release|x64.ActiveCfg = Release|Any CPU
		{42DCB604-F70D-432F-9A9B-A5D97682CA85}.Release|x64.Build.0 = Release|Any CPU
		{42DCB604-F70D-432F-9A9B-A5D97682CA85}.Release|x86.ActiveCfg = Release|Any CPU
		{42DCB604-F70D-432F-9A9B-A5D97682CA85}.Release|x86.Build.0 = Release|Any CPU
	EndGlobalSection
	GlobalSection(SolutionProperties) = preSolution
		HideSolutionNode = FALSE
	EndGlobalSection
	GlobalSection(NestedProjects) = preSolution
		{B7CD8C6A-5C08-4A97-882F-DBFCCE7A10D9} = {827E0CD3-B72D-47B6-A68D-7590B98EB39B}
		{CF87BEE3-F0A8-40DA-BC2F-94A6B4BE6336} = {827E0CD3-B72D-47B6-A68D-7590B98EB39B}
		{4A8F73A9-BF5E-4DB7-A589-A4ABC88CD727} = {827E0CD3-B72D-47B6-A68D-7590B98EB39B}
		{42DCB604-F70D-432F-9A9B-A5D97682CA85} = {827E0CD3-B72D-47B6-A68D-7590B98EB39B}
	EndGlobalSection
EndGlobal
